#MicroXplorer Configuration settings - do not modify
ADC1.AWD1HighThreshold=4095
ADC1.AWD2HighThreshold=4095
ADC1.AWD3HighThreshold=4095
ADC1.AWDChannel-8\#ChannelRegularConversion=ADC_CHANNEL_9
ADC1.AWDChannel-9\#ChannelRegularConversion=ADC_CHANNEL_8
ADC1.Channel-10\#ChannelRegularConversion=ADC_CHANNEL_12
ADC1.Channel-11\#ChannelRegularConversion=ADC_CHANNEL_3
ADC1.Channel-8\#ChannelRegularConversion=ADC_CHANNEL_9
ADC1.Channel-9\#ChannelRegularConversion=ADC_CHANNEL_8
ADC1.CommonPathInternal=null|null|null|null
ADC1.DMAAccessModeView=ENABLE
ADC1.DMAContinuousRequests=ENABLE
ADC1.EnableAnalogWatchDog1=true
ADC1.EnableAnalogWatchDog2=true
ADC1.EnableAnalogWatchDog3=true
ADC1.ExternalTrigConv=ADC_EXTERNALTRIG_HRTIM_TRG1
ADC1.IPParameters=Rank-8\#ChannelRegularConversion,Channel-8\#ChannelRegularConversion,SamplingTime-8\#ChannelRegularConversion,OffsetNumber-8\#ChannelRegularConversion,NbrOfConversionFlag,Overrun,ExternalTrigConv,Rank-9\#ChannelRegularConversion,Channel-9\#ChannelRegularConversion,SamplingTime-9\#ChannelRegularConversion,OffsetNumber-9\#ChannelRegularConversion,Rank-10\#ChannelRegularConversion,Channel-10\#ChannelRegularConversion,SamplingTime-10\#ChannelRegularConversion,OffsetNumber-10\#ChannelRegularConversion,NbrOfConversion,DMAContinuousRequests,EnableAnalogWatchDog1,EnableAnalogWatchDog2,EnableAnalogWatchDog3,Mode,DMAAccessModeView,MonitoredBy-8\#ChannelRegularConversion,RegFilteringConfig-8\#ChannelRegularConversion,WatchdogChannel,AWD1HighThreshold,MonitoredBy-9\#ChannelRegularConversion,AWDChannel-9\#ChannelRegularConversion,RegFilteringConfig-9\#ChannelRegularConversion,MonitoredBy-10\#ChannelRegularConversion,RegFilteringConfig-10\#ChannelRegularConversion,WatchdogMode2,WatchdogMode3,AWD2HighThreshold,AWD3HighThreshold,AWDChannel-8\#ChannelRegularConversion,Rank-11\#ChannelRegularConversion,Channel-11\#ChannelRegularConversion,SamplingTime-11\#ChannelRegularConversion,OffsetNumber-11\#ChannelRegularConversion,MonitoredBy-11\#ChannelRegularConversion,master,WDG2ChannelR1,WDG3ChannelR2,CommonPathInternal
ADC1.Mode=ADC_DUALMODE_REGSIMULT
ADC1.MonitoredBy-10\#ChannelRegularConversion=__NULL
ADC1.MonitoredBy-11\#ChannelRegularConversion=__NULL
ADC1.MonitoredBy-8\#ChannelRegularConversion=ADC_ANALOGWATCHDOG_2
ADC1.MonitoredBy-9\#ChannelRegularConversion=ADC_ANALOGWATCHDOG_3
ADC1.NbrOfConversion=4
ADC1.NbrOfConversionFlag=1
ADC1.OffsetNumber-10\#ChannelRegularConversion=ADC_OFFSET_NONE
ADC1.OffsetNumber-11\#ChannelRegularConversion=ADC_OFFSET_NONE
ADC1.OffsetNumber-8\#ChannelRegularConversion=ADC_OFFSET_NONE
ADC1.OffsetNumber-9\#ChannelRegularConversion=ADC_OFFSET_NONE
ADC1.Overrun=ADC_OVR_DATA_OVERWRITTEN
ADC1.Rank-10\#ChannelRegularConversion=3
ADC1.Rank-11\#ChannelRegularConversion=4
ADC1.Rank-8\#ChannelRegularConversion=1
ADC1.Rank-9\#ChannelRegularConversion=2
ADC1.RegFilteringConfig-10\#ChannelRegularConversion=ADC_AWD_FILTERING_NONE
ADC1.RegFilteringConfig-8\#ChannelRegularConversion=ADC_AWD_FILTERING_NONE
ADC1.RegFilteringConfig-9\#ChannelRegularConversion=ADC_AWD_FILTERING_NONE
ADC1.SamplingTime-10\#ChannelRegularConversion=ADC_SAMPLETIME_12CYCLES_5
ADC1.SamplingTime-11\#ChannelRegularConversion=ADC_SAMPLETIME_12CYCLES_5
ADC1.SamplingTime-8\#ChannelRegularConversion=ADC_SAMPLETIME_12CYCLES_5
ADC1.SamplingTime-9\#ChannelRegularConversion=ADC_SAMPLETIME_12CYCLES_5
ADC1.WDG2ChannelR1=ADC_CHANNEL_9
ADC1.WDG3ChannelR2=ADC_CHANNEL_8
ADC1.WatchdogChannel=ADC_CHANNEL_12
ADC1.WatchdogMode2=ADC_ANALOGWATCHDOG_SINGLE_REGINJEC
ADC1.WatchdogMode3=ADC_ANALOGWATCHDOG_SINGLE_REGINJEC
ADC1.master=1
ADC2.AWD1HighThreshold=4095
ADC2.AWD2HighThreshold=4095
ADC2.AWD2ITMode=ENABLE
ADC2.AWDChannel-12\#ChannelRegularConversion=ADC_CHANNEL_5
ADC2.Channel-12\#ChannelRegularConversion=ADC_CHANNEL_5
ADC2.Channel-13\#ChannelRegularConversion=ADC_CHANNEL_3
ADC2.Channel-14\#ChannelRegularConversion=ADC_CHANNEL_3
ADC2.Channel-15\#ChannelRegularConversion=ADC_CHANNEL_7
ADC2.CommonPathInternal=null|null|null|null
ADC2.DMAAccessModeView=ENABLE
ADC2.DMAContinuousRequests=DISABLE
ADC2.EnableAnalogWatchDog1=true
ADC2.EnableAnalogWatchDog2=true
ADC2.EnableAnalogWatchDog3=false
ADC2.IPParameters=Rank-12\#ChannelRegularConversion,Channel-12\#ChannelRegularConversion,SamplingTime-12\#ChannelRegularConversion,OffsetNumber-12\#ChannelRegularConversion,NbrOfConversionFlag,Rank-13\#ChannelRegularConversion,Channel-13\#ChannelRegularConversion,SamplingTime-13\#ChannelRegularConversion,OffsetNumber-13\#ChannelRegularConversion,NbrOfConversion,Overrun,DMAContinuousRequests,EnableAnalogWatchDog1,Rank-14\#ChannelRegularConversion,Channel-14\#ChannelRegularConversion,SamplingTime-14\#ChannelRegularConversion,OffsetNumber-14\#ChannelRegularConversion,Mode,DMAAccessModeView,EnableAnalogWatchDog2,EnableAnalogWatchDog3,WatchdogMode2,AWD2HighThreshold,MonitoredBy-12\#ChannelRegularConversion,RegFilteringConfig-12\#ChannelRegularConversion,AWD2ITMode,WatchdogChannel,MonitoredBy-14\#ChannelRegularConversion,RegFilteringConfig-14\#ChannelRegularConversion,AWD1HighThreshold,AWDChannel-12\#ChannelRegularConversion,Rank-15\#ChannelRegularConversion,Channel-15\#ChannelRegularConversion,SamplingTime-15\#ChannelRegularConversion,OffsetNumber-15\#ChannelRegularConversion,MonitoredBy-15\#ChannelRegularConversion,WDG2ChannelR1,CommonPathInternal
ADC2.Mode=ADC_DUALMODE_REGSIMULT
ADC2.MonitoredBy-12\#ChannelRegularConversion=ADC_ANALOGWATCHDOG_2
ADC2.MonitoredBy-14\#ChannelRegularConversion=__NULL
ADC2.MonitoredBy-15\#ChannelRegularConversion=__NULL
ADC2.NbrOfConversion=4
ADC2.NbrOfConversionFlag=1
ADC2.OffsetNumber-12\#ChannelRegularConversion=ADC_OFFSET_NONE
ADC2.OffsetNumber-13\#ChannelRegularConversion=ADC_OFFSET_NONE
ADC2.OffsetNumber-14\#ChannelRegularConversion=ADC_OFFSET_NONE
ADC2.OffsetNumber-15\#ChannelRegularConversion=ADC_OFFSET_NONE
ADC2.Overrun=ADC_OVR_DATA_OVERWRITTEN
ADC2.Rank-12\#ChannelRegularConversion=1
ADC2.Rank-13\#ChannelRegularConversion=2
ADC2.Rank-14\#ChannelRegularConversion=3
ADC2.Rank-15\#ChannelRegularConversion=4
ADC2.RegFilteringConfig-12\#ChannelRegularConversion=ADC_AWD_FILTERING_NONE
ADC2.RegFilteringConfig-14\#ChannelRegularConversion=ADC_AWD_FILTERING_NONE
ADC2.SamplingTime-12\#ChannelRegularConversion=ADC_SAMPLETIME_12CYCLES_5
ADC2.SamplingTime-13\#ChannelRegularConversion=ADC_SAMPLETIME_12CYCLES_5
ADC2.SamplingTime-14\#ChannelRegularConversion=ADC_SAMPLETIME_12CYCLES_5
ADC2.SamplingTime-15\#ChannelRegularConversion=ADC_SAMPLETIME_12CYCLES_5
ADC2.WDG2ChannelR1=ADC_CHANNEL_5
ADC2.WatchdogChannel=ADC_CHANNEL_3
ADC2.WatchdogMode2=ADC_ANALOGWATCHDOG_SINGLE_REGINJEC
ADC4.Channel-3\#ChannelRegularConversion=ADC_CHANNEL_5
ADC4.Channel-4\#ChannelRegularConversion=ADC_CHANNEL_4
ADC4.CommonPathInternal=null|null|null|null
ADC4.DMAContinuousRequests=ENABLE
ADC4.ExternalTrigConv=ADC_SOFTWARE_START
ADC4.IPParameters=Rank-3\#ChannelRegularConversion,Channel-3\#ChannelRegularConversion,SamplingTime-3\#ChannelRegularConversion,OffsetNumber-3\#ChannelRegularConversion,NbrOfConversionFlag,Overrun,Rank-4\#ChannelRegularConversion,Channel-4\#ChannelRegularConversion,SamplingTime-4\#ChannelRegularConversion,OffsetNumber-4\#ChannelRegularConversion,NbrOfConversion,DMAContinuousRequests,ExternalTrigConv,CommonPathInternal
ADC4.NbrOfConversion=2
ADC4.NbrOfConversionFlag=1
ADC4.OffsetNumber-3\#ChannelRegularConversion=ADC_OFFSET_NONE
ADC4.OffsetNumber-4\#ChannelRegularConversion=ADC_OFFSET_NONE
ADC4.Overrun=ADC_OVR_DATA_OVERWRITTEN
ADC4.Rank-3\#ChannelRegularConversion=1
ADC4.Rank-4\#ChannelRegularConversion=2
ADC4.SamplingTime-3\#ChannelRegularConversion=ADC_SAMPLETIME_247CYCLES_5
ADC4.SamplingTime-4\#ChannelRegularConversion=ADC_SAMPLETIME_92CYCLES_5
CAD.formats=
CAD.pinconfig=
CAD.provider=
COMP2.Hysteresis=COMP_HYSTERESIS_NONE
COMP2.IPParameters=Hysteresis,TriggerMode,OutputPol
COMP2.OutputPol=COMP_OUTPUTPOL_NONINVERTED
COMP2.TriggerMode=COMP_TRIGGERMODE_NONE
COMP3.IPParameters=TriggerMode
COMP3.TriggerMode=COMP_TRIGGERMODE_NONE
DAC1.DAC_Channel-DAC_OUT2_ExtAndInt=DAC_CHANNEL_2
DAC1.DAC_Channel-DAC_OUT2_Int=DAC_CHANNEL_2
DAC1.DAC_DMADoubleDataMode-DAC_OUT2_ExtAndInt=ENABLE
DAC1.DAC_HighFrequency_OUT1-DAC_OUT1_ExtAndInt=DAC_HIGH_FREQUENCY_INTERFACE_MODE_ABOVE_160MHZ
DAC1.DAC_HighFrequency_OUT2-DAC_OUT2_ExtAndInt=DAC_HIGH_FREQUENCY_INTERFACE_MODE_ABOVE_160MHZ
DAC1.DAC_HighFrequency_OUT2-DAC_OUT2_Int=DAC_HIGH_FREQUENCY_INTERFACE_MODE_ABOVE_160MHZ
DAC1.DAC_SampleAndHold-DAC_OUT1_ExtAndInt=DAC_SAMPLEANDHOLD_DISABLE
DAC1.DAC_SignedFormat-DAC_OUT2_ExtAndInt=ENABLE
DAC1.DAC_Trigger2_OUT1-DAC_OUT1_ExtAndInt=DAC_TRIGGER_HRTIM_STEP_TRG2
DAC1.DAC_Trigger2_OUT2-DAC_OUT2_ExtAndInt=DAC_TRIGGER_HRTIM_STEP_TRG1
DAC1.DAC_Trigger2_OUT2-DAC_OUT2_Int=DAC_TRIGGER_HRTIM_STEP_TRG1
DAC1.DAC_Trigger_OUT1-DAC_OUT1_ExtAndInt=DAC_TRIGGER_HRTIM_RST_TRG2
DAC1.DAC_Trigger_OUT2-DAC_OUT2_ExtAndInt=DAC_TRIGGER_HRTIM_RST_TRG1
DAC1.DAC_Trigger_OUT2-DAC_OUT2_Int=DAC_TRIGGER_HRTIM_RST_TRG1
DAC1.DAC_UserTrimming-DAC_OUT1_ExtAndInt=DAC_TRIMMING_FACTORY
DAC1.IPParameters=DAC_HighFrequency_OUT1-DAC_OUT1_ExtAndInt,DAC_SampleAndHold-DAC_OUT1_ExtAndInt,DAC_Channel-DAC_OUT2_Int,DAC_Trigger_OUT2-DAC_OUT2_Int,DAC_Trigger2_OUT2-DAC_OUT2_Int,WaveGeneration_OUT2-DAC_OUT2_Int,ResetDataSawtooth2-DAC_OUT2_Int,StepDataSawtooth2-DAC_OUT2_Int,DAC_HighFrequency_OUT2-DAC_OUT2_Int,DAC_Channel-DAC_OUT2_ExtAndInt,DAC_DMADoubleDataMode-DAC_OUT2_ExtAndInt,DAC_SignedFormat-DAC_OUT2_ExtAndInt,DAC_Trigger_OUT2-DAC_OUT2_ExtAndInt,DAC_Trigger2_OUT2-DAC_OUT2_ExtAndInt,WaveGeneration_OUT2-DAC_OUT2_ExtAndInt,ResetDataSawtooth2-DAC_OUT2_ExtAndInt,StepDataSawtooth2-DAC_OUT2_ExtAndInt,DAC_HighFrequency_OUT2-DAC_OUT2_ExtAndInt,PolaritySawtooth2-DAC_OUT2_ExtAndInt,DAC_Trigger_OUT1-DAC_OUT1_ExtAndInt,DAC_Trigger2_OUT1-DAC_OUT1_ExtAndInt,WaveGeneration_OUT1-DAC_OUT1_ExtAndInt,ResetDataSawtooth-DAC_OUT1_ExtAndInt,StepDataSawtooth-DAC_OUT1_ExtAndInt,DAC_UserTrimming-DAC_OUT1_ExtAndInt
DAC1.PolaritySawtooth2-DAC_OUT2_ExtAndInt=DAC_SAWTOOTH_POLARITY_INCREMENT
DAC1.ResetDataSawtooth-DAC_OUT1_ExtAndInt=2300
DAC1.ResetDataSawtooth2-DAC_OUT2_ExtAndInt=2300
DAC1.ResetDataSawtooth2-DAC_OUT2_Int=2300
DAC1.StepDataSawtooth-DAC_OUT1_ExtAndInt=500
DAC1.StepDataSawtooth2-DAC_OUT2_ExtAndInt=20
DAC1.StepDataSawtooth2-DAC_OUT2_Int=20
DAC1.WaveGeneration_OUT1-DAC_OUT1_ExtAndInt=SawtoothWaveGenerate
DAC1.WaveGeneration_OUT2-DAC_OUT2_ExtAndInt=SawtoothWaveGenerate
DAC1.WaveGeneration_OUT2-DAC_OUT2_Int=SawtoothWaveGenerate
Dma.ADC1.1.Direction=DMA_PERIPH_TO_MEMORY
Dma.ADC1.1.EventEnable=DISABLE
Dma.ADC1.1.Instance=DMA1_Channel1
Dma.ADC1.1.MemDataAlignment=DMA_MDATAALIGN_WORD
Dma.ADC1.1.MemInc=DMA_MINC_ENABLE
Dma.ADC1.1.Mode=DMA_CIRCULAR
Dma.ADC1.1.PeriphDataAlignment=DMA_PDATAALIGN_WORD
Dma.ADC1.1.PeriphInc=DMA_PINC_DISABLE
Dma.ADC1.1.Polarity=HAL_DMAMUX_REQ_GEN_RISING
Dma.ADC1.1.Priority=DMA_PRIORITY_VERY_HIGH
Dma.ADC1.1.RequestNumber=1
Dma.ADC1.1.RequestParameters=Instance,Direction,PeriphInc,MemInc,PeriphDataAlignment,MemDataAlignment,Mode,Priority,SignalID,Polarity,RequestNumber,SyncSignalID,SyncPolarity,SyncEnable,EventEnable,SyncRequestNumber
Dma.ADC1.1.SignalID=NONE
Dma.ADC1.1.SyncEnable=DISABLE
Dma.ADC1.1.SyncPolarity=HAL_DMAMUX_SYNC_NO_EVENT
Dma.ADC1.1.SyncRequestNumber=1
Dma.ADC1.1.SyncSignalID=NONE
Dma.ADC4.0.Direction=DMA_PERIPH_TO_MEMORY
Dma.ADC4.0.EventEnable=DISABLE
Dma.ADC4.0.Instance=DMA2_Channel2
Dma.ADC4.0.MemDataAlignment=DMA_MDATAALIGN_WORD
Dma.ADC4.0.MemInc=DMA_MINC_ENABLE
Dma.ADC4.0.Mode=DMA_CIRCULAR
Dma.ADC4.0.PeriphDataAlignment=DMA_PDATAALIGN_WORD
Dma.ADC4.0.PeriphInc=DMA_PINC_DISABLE
Dma.ADC4.0.Polarity=HAL_DMAMUX_REQ_GEN_RISING
Dma.ADC4.0.Priority=DMA_PRIORITY_HIGH
Dma.ADC4.0.RequestNumber=1
Dma.ADC4.0.RequestParameters=Instance,Direction,PeriphInc,MemInc,PeriphDataAlignment,MemDataAlignment,Mode,Priority,SignalID,Polarity,RequestNumber,SyncSignalID,SyncPolarity,SyncEnable,EventEnable,SyncRequestNumber
Dma.ADC4.0.SignalID=NONE
Dma.ADC4.0.SyncEnable=DISABLE
Dma.ADC4.0.SyncPolarity=HAL_DMAMUX_SYNC_NO_EVENT
Dma.ADC4.0.SyncRequestNumber=1
Dma.ADC4.0.SyncSignalID=NONE
Dma.HRTIM1_E.3.Direction=DMA_MEMORY_TO_PERIPH
Dma.HRTIM1_E.3.EventEnable=DISABLE
Dma.HRTIM1_E.3.Instance=DMA1_Channel2
Dma.HRTIM1_E.3.MemDataAlignment=DMA_MDATAALIGN_WORD
Dma.HRTIM1_E.3.MemInc=DMA_MINC_ENABLE
Dma.HRTIM1_E.3.Mode=DMA_CIRCULAR
Dma.HRTIM1_E.3.PeriphDataAlignment=DMA_PDATAALIGN_WORD
Dma.HRTIM1_E.3.PeriphInc=DMA_PINC_DISABLE
Dma.HRTIM1_E.3.Polarity=HAL_DMAMUX_REQ_GEN_RISING
Dma.HRTIM1_E.3.Priority=DMA_PRIORITY_HIGH
Dma.HRTIM1_E.3.RequestNumber=1
Dma.HRTIM1_E.3.RequestParameters=Instance,Direction,PeriphInc,MemInc,PeriphDataAlignment,MemDataAlignment,Mode,Priority,SignalID,Polarity,RequestNumber,SyncSignalID,SyncPolarity,SyncEnable,EventEnable,SyncRequestNumber
Dma.HRTIM1_E.3.SignalID=NONE
Dma.HRTIM1_E.3.SyncEnable=DISABLE
Dma.HRTIM1_E.3.SyncPolarity=HAL_DMAMUX_SYNC_NO_EVENT
Dma.HRTIM1_E.3.SyncRequestNumber=1
Dma.HRTIM1_E.3.SyncSignalID=NONE
Dma.Request0=ADC4
Dma.Request1=ADC1
Dma.Request2=TIM2_CH3
Dma.Request3=HRTIM1_E
Dma.RequestsNb=4
Dma.TIM2_CH3.2.Direction=DMA_MEMORY_TO_PERIPH
Dma.TIM2_CH3.2.EventEnable=DISABLE
Dma.TIM2_CH3.2.Instance=DMA2_Channel1
Dma.TIM2_CH3.2.MemDataAlignment=DMA_MDATAALIGN_WORD
Dma.TIM2_CH3.2.MemInc=DMA_MINC_ENABLE
Dma.TIM2_CH3.2.Mode=DMA_NORMAL
Dma.TIM2_CH3.2.PeriphDataAlignment=DMA_PDATAALIGN_WORD
Dma.TIM2_CH3.2.PeriphInc=DMA_PINC_DISABLE
Dma.TIM2_CH3.2.Polarity=HAL_DMAMUX_REQ_GEN_RISING
Dma.TIM2_CH3.2.Priority=DMA_PRIORITY_MEDIUM
Dma.TIM2_CH3.2.RequestNumber=1
Dma.TIM2_CH3.2.RequestParameters=Instance,Direction,PeriphInc,MemInc,PeriphDataAlignment,MemDataAlignment,Mode,Priority,SignalID,Polarity,RequestNumber,SyncSignalID,SyncPolarity,SyncEnable,EventEnable,SyncRequestNumber
Dma.TIM2_CH3.2.SignalID=NONE
Dma.TIM2_CH3.2.SyncEnable=DISABLE
Dma.TIM2_CH3.2.SyncPolarity=HAL_DMAMUX_SYNC_NO_EVENT
Dma.TIM2_CH3.2.SyncRequestNumber=1
Dma.TIM2_CH3.2.SyncSignalID=NONE
FDCAN3.CalculateBaudRateNominal=1000000
FDCAN3.CalculateTimeBitNominal=1000
FDCAN3.CalculateTimeQuantumNominal=100.0
FDCAN3.DataPrescaler=1
FDCAN3.DataTimeSeg1=1
FDCAN3.DataTimeSeg2=1
FDCAN3.IPParameters=CalculateTimeQuantumNominal,CalculateTimeBitNominal,CalculateBaudRateNominal,NominalPrescaler,DataPrescaler,DataTimeSeg1,DataTimeSeg2,StdFiltersNbr,NominalTimeSeg1,NominalTimeSeg2
FDCAN3.NominalPrescaler=17
FDCAN3.NominalTimeSeg1=7
FDCAN3.NominalTimeSeg2=2
FDCAN3.StdFiltersNbr=1
File.Version=6
GPIO.groupedBy=Group By Peripherals
HRTIM1.ADCTrigger1_Source1=HRTIM_ADCTRIGGEREVENT13_MASTER_CMP1
HRTIM1.ADCTrigger2_Source1=HRTIM_ADCTRIGGEREVENT24_MASTER_CMP3
HRTIM1.ADCTrigger_Id1=HRTIM_ADCTRIGGER_1
HRTIM1.ADCTrigger_Id2=HRTIM_ADCTRIGGER_2
HRTIM1.CaptureUnit1-Output_TA1TA2=__NULL
HRTIM1.CaptureUnit1-Output_TB1TB2=__NULL
HRTIM1.CaptureUnit2-Output_TA1TA2=__NULL
HRTIM1.CaptureUnit2-Output_TB1TB2=__NULL
HRTIM1.CompareUnit1-MasterTimer=HRTIM_COMPAREUNIT_1
HRTIM1.CompareUnit1-Output_TA1TA2=HRTIM_COMPAREUNIT_1
HRTIM1.CompareUnit1-Output_TB1TB2=HRTIM_COMPAREUNIT_1
HRTIM1.CompareUnit1-Output_TE1TE2=HRTIM_COMPAREUNIT_1
HRTIM1.CompareUnit2-MasterTimer=HRTIM_COMPAREUNIT_2
HRTIM1.CompareUnit2-Output_TA1TA2=HRTIM_COMPAREUNIT_2
HRTIM1.CompareUnit2-Output_TB1TB2=HRTIM_COMPAREUNIT_2
HRTIM1.CompareUnit2-Output_TE1TE2=__NULL
HRTIM1.CompareUnit3-MasterTimer=HRTIM_COMPAREUNIT_3
HRTIM1.CompareUnit3-Output_TA1TA2=HRTIM_COMPAREUNIT_3
HRTIM1.CompareUnit3-Output_TB1TB2=HRTIM_COMPAREUNIT_3
HRTIM1.CompareUnit3-Output_TE1TE2=HRTIM_COMPAREUNIT_3
HRTIM1.CompareUnit4-Output_TA1TA2=HRTIM_COMPAREUNIT_4
HRTIM1.CompareUnit4-Output_TB1TB2=HRTIM_COMPAREUNIT_4
HRTIM1.CompareUnit4-Output_TE1TE2=__NULL
HRTIM1.CompareValue1-MasterTimer=5000-416
HRTIM1.CompareValue1-Output_TA1TA2=0
HRTIM1.CompareValue1-Output_TB1TB2=0
HRTIM1.CompareValue1-Output_TE1TE2=0
HRTIM1.CompareValue2-MasterTimer=10880
HRTIM1.CompareValue2-Output_TA1TA2=1088
HRTIM1.CompareValue2-Output_TB1TB2=1088
HRTIM1.CompareValue3-MasterTimer=15000-2848
HRTIM1.CompareValue3-Output_TA1TA2=19000
HRTIM1.CompareValue3-Output_TB1TB2=8000
HRTIM1.CompareValue3-Output_TE1TE2=0
HRTIM1.CompareValue4-Output_TA1TA2=2176
HRTIM1.CompareValue4-Output_TB1TB2=2176
HRTIM1.CounterFaultLine5=0
HRTIM1.DACSynchro-Output_TA1TA2=HRTIM_DACSYNC_NONE
HRTIM1.DMADstAddress-Output_TE1TE2=(uint32_t)&(hhrtim1.Instance->sTimerxRegs[HRTIM_TIMERINDEX_TIMER_E].CMP1xR)
HRTIM1.DMARequests1-Output_TE1TE2=HRTIM_TIM_DMA_RST
HRTIM1.DMASize-Output_TE1TE2=4
HRTIM1.DMASrcAddress-Output_TE1TE2=(uint32_t)&timerE_Duty_DMA_Buffer[0]
HRTIM1.DeadTimeInsertion-Output_TA1TA2=HRTIM_TIMDEADTIMEINSERTION_ENABLED
HRTIM1.DeadTimeInsertion-Output_TB1TB2=HRTIM_TIMDEADTIMEINSERTION_ENABLED
HRTIM1.DeadTimeInsertion-Output_TE1TE2=HRTIM_TIMDEADTIMEINSERTION_ENABLED
HRTIM1.Deadtimeconfig-Output_TE1TE2=HRTIM_TIMERINDEX_TIMER_E
HRTIM1.DualChannelDacEnableFake_TA-Output_TA1TA2=HRTIM_TIMER_DCDE_ENABLED_FAKE1
HRTIM1.DualChannelDacEnableFake_TB-Output_TB1TB2=HRTIM_TIMER_DCDE_ENABLED_FAKE1
HRTIM1.Event1-Output_TA1TA2=__NULL
HRTIM1.Event1-Output_TE1TE2=__NULL
HRTIM1.Event2-Output_TA1TA2=__NULL
HRTIM1.Event5-Output_TB1TB2=__NULL
HRTIM1.Event6-Output_TA1TA2=HRTIM_EVENT_6
HRTIM1.Event6-Output_TB1TB2=__NULL
HRTIM1.Event8-Output_TA1TA2=__NULL
HRTIM1.Event8-Output_TB1TB2=HRTIM_EVENT_8
HRTIM1.Event_EEV1=HRTIM_EVENT_1
HRTIM1.Event_EEV2=HRTIM_EVENT_2
HRTIM1.Event_EEV3=HRTIM_EVENT_3
HRTIM1.Event_EEV4=HRTIM_EVENT_4
HRTIM1.Event_EEV5=HRTIM_EVENT_5
HRTIM1.Event_EEV6=HRTIM_EVENT_6
HRTIM1.Event_EEV7=__NULL
HRTIM1.Event_EEV8=HRTIM_EVENT_8
HRTIM1.Event_EEV9=__NULL
HRTIM1.FallingSign-Output_TA1TA2=HRTIM_TIMDEADTIME_FALLINGSIGN_POSITIVE
HRTIM1.FallingValue-Output_TA1TA2=40
HRTIM1.FallingValue-Output_TB1TB2=40
HRTIM1.FallingValue-Output_TE1TE2=40
HRTIM1.FaultEnable_Source1-Output_TA1TA2=HRTIM_TIMFAULTENABLE_FAULT1
HRTIM1.FaultEnable_Source1-Output_TB1TB2=HRTIM_TIMFAULTENABLE_FAULT1
HRTIM1.FaultEnable_Source2-Output_TA1TA2=HRTIM_TIMFAULTENABLE_FAULT2
HRTIM1.FaultEnable_Source2-Output_TB1TB2=HRTIM_TIMFAULTENABLE_FAULT2
HRTIM1.FaultEnable_Source3-Output_TA1TA2=HRTIM_TIMFAULTENABLE_FAULT3
HRTIM1.FaultEnable_Source3-Output_TB1TB2=HRTIM_TIMFAULTENABLE_FAULT3
HRTIM1.FaultEnable_Source4-Output_TA1TA2=HRTIM_TIMFAULTENABLE_FAULT4
HRTIM1.FaultEnable_Source4-Output_TB1TB2=HRTIM_TIMFAULTENABLE_FAULT4
HRTIM1.FaultEnable_Source5-Output_TA1TA2=HRTIM_TIMFAULTENABLE_FAULT5
HRTIM1.FaultEnable_Source5-Output_TB1TB2=HRTIM_TIMFAULTENABLE_FAULT5
HRTIM1.FaultLevel1-Output_TA1TA2=HRTIM_OUTPUTFAULTLEVEL_INACTIVE
HRTIM1.FaultLevel1-Output_TB1TB2=HRTIM_OUTPUTFAULTLEVEL_INACTIVE
HRTIM1.FaultLevel2-Output_TA1TA2=HRTIM_OUTPUTFAULTLEVEL_INACTIVE
HRTIM1.FaultLevel2-Output_TB1TB2=HRTIM_OUTPUTFAULTLEVEL_INACTIVE
HRTIM1.FaultLock-Output_TB1TB2=HRTIM_TIMFAULTLOCK_READWRITE
HRTIM1.Fault_Line1=HRTIM_FAULT_1
HRTIM1.Fault_Line2=HRTIM_FAULT_2
HRTIM1.Fault_Line3=HRTIM_FAULT_3
HRTIM1.Fault_Line4=HRTIM_FAULT_4
HRTIM1.Fault_Line5=HRTIM_FAULT_5
HRTIM1.Filter6-Output_TA1TA2=HRTIM_TIMEEVFLT_BLANKINGCMP4
HRTIM1.Filter8-Output_TB1TB2=HRTIM_TIMEEVFLT_BLANKINGCMP4
HRTIM1.Filter_FaultLine1=HRTIM_FAULTFILTER_3
HRTIM1.Filter_FaultLine2=HRTIM_FAULTFILTER_3
HRTIM1.Filter_FaultLine3=HRTIM_FAULTFILTER_6
HRTIM1.Filter_FaultLine4=HRTIM_FAULTFILTER_3
HRTIM1.Filter_FaultLine5=HRTIM_FAULTFILTER_9
HRTIM1.GreaterCMP1_TA=HRTIM_TIMERGTCMP1_EQUAL
HRTIM1.GreaterCMP3_TA=HRTIM_TIMERGTCMP3_EQUAL
HRTIM1.HRTIMInterruptResquests1=HRTIM_IT_NONE
HRTIM1.IPParameters=Fault_Line1,Periode_MASTER,RepetitionCounter-MasterTimer,NumberInterruptRequests_Master-MasterTimer,InterruptRequests1_Master,Periode_TA,PreloadEnable-Output_TA1TA2,RepetitionUpdate-Output_TA1TA2,DeadTimeInsertion-Output_TA1TA2,NumberUpdateTrigger-Output_TA1TA2,UpdateTrigger1-Output_TA1TA2,NumberResetTrigger-Output_TA1TA2,ResetTrigger1-Output_TA1TA2,CompareUnit1-MasterTimer,CompareUnit2-MasterTimer,CompareUnit3-MasterTimer,CompareValue1-MasterTimer,CompareValue2-MasterTimer,CompareValue3-MasterTimer,Periode_TB,RepetitionUpdate-Output_TB1TB2,NumberUpdateTrigger-Output_TB1TB2,NumberResetTrigger-Output_TB1TB2,UpdateTrigger1-Output_TB1TB2,ResetTrigger1-Output_TB1TB2,DeadTimeInsertion-Output_TB1TB2,ADCTrigger_Id1,ADCTrigger_Id2,NumberADCTriggerSource1,ADCTrigger1_Source1,NumberADCTriggerSource2,ADCTrigger2_Source1,CompareUnit1-Output_TA1TA2,CompareUnit2-Output_TA1TA2,CompareUnit3-Output_TA1TA2,RisingValue-Output_TA1TA2,FallingValue-Output_TA1TA2,NumberSetSource1-Output_TA1TA2,NumberResetSource1-Output_TA1TA2,SetOutput1_Source1-Output_TA1TA2,ResetOutput1_Source1-Output_TA1TA2,CompareValue3-Output_TA1TA2,CompareUnit1-Output_TB1TB2,CompareUnit2-Output_TB1TB2,CompareValue1-Output_TB1TB2,CompareUnit3-Output_TB1TB2,CompareValue3-Output_TB1TB2,RisingValue-Output_TB1TB2,FallingValue-Output_TB1TB2,NumberSetSource1-Output_TB1TB2,NumberResetSource1-Output_TB1TB2,SetOutput1_Source1-Output_TB1TB2,ResetOutput1_Source1-Output_TB1TB2,Event_EEV1,CompareUnit4-Output_TA1TA2,RisingSign-Output_TA1TA2,FallingSign-Output_TA1TA2,CompareValue1-Output_TA1TA2,CompareValue2-Output_TA1TA2,DualChannelDacEnableFake_TA-Output_TA1TA2,Event1-Output_TA1TA2,CompareValue4-Output_TA1TA2,DACSynchro-Output_TA1TA2,SwapA,Polarity1-Output_TA1TA2,Polarity2-Output_TA1TA2,IdleLevel2-Output_TA1TA2,IdleLevel1-Output_TA1TA2,Event_EEV2,Event2-Output_TA1TA2,Event_EEV4,GreaterCMP3_TA,GreaterCMP1_TA,CaptureUnit1-Output_TA1TA2,Event_EEV3,Event_EEV5,Event_EEV6,Event6-Output_TA1TA2,SetOutput1_Source2-Output_TA1TA2,CaptureUnit2-Output_TA1TA2,CaptureUnit2-Output_TB1TB2,CaptureUnit1-Output_TB1TB2,NumberDMARequests_TB,CompareUnit4-Output_TB1TB2,CompareValue2-Output_TB1TB2,DualChannelDacEnableFake_TB-Output_TB1TB2,CompareValue4-Output_TB1TB2,Event5-Output_TB1TB2,SetOutput1_Source2-Output_TB1TB2,Event_EEV7,Event_EEV8,Source_EEV8,Event8-Output_TB1TB2,Event8-Output_TA1TA2,Event6-Output_TB1TB2,Filter6-Output_TA1TA2,Filter8-Output_TB1TB2,Polarity_EEV6,Polarity_EEV8,Fault_Line2,Fault_Line4,HRTIMInterruptResquests1,FaultLevel1-Output_TA1TA2,FaultLevel2-Output_TA1TA2,FaultLevel1-Output_TB1TB2,FaultLevel2-Output_TB1TB2,Event_EEV9,Source_EEV5,Fault_Line5,Source_FaultLine5,Filter_FaultLine5,NumberFaultEnable-Output_TA1TA2,FaultEnable_Source1-Output_TA1TA2,NumberFaultEnable-Output_TB1TB2,FaultEnable_Source1-Output_TB1TB2,NumberInterruptRequests-Output_TA1TA2,Source_EEV1,Source_EEV2,Source_EEV3,Source_EEV4,Fault_Line3,CounterFaultLine5,ResetModeFaultLine5,FaultLock-Output_TB1TB2,Source_FaultLine4,Filter_FaultLine4,Source_FaultLine3,Filter_FaultLine3,Filter_FaultLine2,Source_FaultLine2,Filter_FaultLine1,Source_FaultLine1,FaultEnable_Source2-Output_TA1TA2,FaultEnable_Source3-Output_TA1TA2,FaultEnable_Source4-Output_TA1TA2,FaultEnable_Source5-Output_TA1TA2,FaultEnable_Source2-Output_TB1TB2,FaultEnable_Source3-Output_TB1TB2,FaultEnable_Source4-Output_TB1TB2,FaultEnable_Source5-Output_TB1TB2,Periode_TE,PreloadEnable-Output_TE1TE2,RepetitionUpdate-Output_TE1TE2,NumberResetTrigger-Output_TE1TE2,ResetTrigger1-Output_TE1TE2,NumberUpdateTrigger-Output_TE1TE2,UpdateTrigger1-Output_TE1TE2,Deadtimeconfig-Output_TE1TE2,RisingValue-Output_TE1TE2,FallingValue-Output_TE1TE2,NumberSetSource1-Output_TE1TE2,NumberResetSource1-Output_TE1TE2,CompareUnit1-Output_TE1TE2,CompareUnit2-Output_TE1TE2,CompareUnit3-Output_TE1TE2,SetOutput1_Source1-Output_TE1TE2,ResetOutput1_Source1-Output_TE1TE2,CompareUnit4-Output_TE1TE2,CompareValue1-Output_TE1TE2,CompareValue3-Output_TE1TE2,DeadTimeInsertion-Output_TE1TE2,Event1-Output_TE1TE2,NumberDMARequests_TE,DMARequests1-Output_TE1TE2,DMADstAddress-Output_TE1TE2,DMASrcAddress-Output_TE1TE2,DMASize-Output_TE1TE2
HRTIM1.IdleLevel1-Output_TA1TA2=HRTIM_OUTPUTIDLELEVEL_INACTIVE
HRTIM1.IdleLevel2-Output_TA1TA2=HRTIM_OUTPUTIDLELEVEL_INACTIVE
HRTIM1.InterruptRequests1_Master=HRTIM_MASTER_IT_MUPD
HRTIM1.NumberADCTriggerSource1=1
HRTIM1.NumberADCTriggerSource2=1
HRTIM1.NumberDMARequests_TB=0
HRTIM1.NumberDMARequests_TE=1
HRTIM1.NumberFaultEnable-Output_TA1TA2=5
HRTIM1.NumberFaultEnable-Output_TB1TB2=5
HRTIM1.NumberInterruptRequests-Output_TA1TA2=0
HRTIM1.NumberInterruptRequests_Master-MasterTimer=1
HRTIM1.NumberResetSource1-Output_TA1TA2=1
HRTIM1.NumberResetSource1-Output_TB1TB2=1
HRTIM1.NumberResetSource1-Output_TE1TE2=1
HRTIM1.NumberResetTrigger-Output_TA1TA2=1
HRTIM1.NumberResetTrigger-Output_TB1TB2=1
HRTIM1.NumberResetTrigger-Output_TE1TE2=1
HRTIM1.NumberSetSource1-Output_TA1TA2=2
HRTIM1.NumberSetSource1-Output_TB1TB2=2
HRTIM1.NumberSetSource1-Output_TE1TE2=1
HRTIM1.NumberUpdateTrigger-Output_TA1TA2=1
HRTIM1.NumberUpdateTrigger-Output_TB1TB2=1
HRTIM1.NumberUpdateTrigger-Output_TE1TE2=1
HRTIM1.Periode_MASTER=21760
HRTIM1.Periode_TA=21760
HRTIM1.Periode_TB=21760
HRTIM1.Periode_TE=21760
HRTIM1.Polarity1-Output_TA1TA2=HRTIM_OUTPUTPOLARITY_HIGH
HRTIM1.Polarity2-Output_TA1TA2=HRTIM_OUTPUTPOLARITY_HIGH
HRTIM1.Polarity_EEV6=HRTIM_EVENTPOLARITY_LOW
HRTIM1.Polarity_EEV8=HRTIM_EVENTPOLARITY_LOW
HRTIM1.PreloadEnable-Output_TA1TA2=HRTIM_PRELOAD_ENABLED
HRTIM1.PreloadEnable-Output_TE1TE2=HRTIM_PRELOAD_ENABLED
HRTIM1.RepetitionCounter-MasterTimer=4-1
HRTIM1.RepetitionUpdate-Output_TA1TA2=HRTIM_UPDATEONREPETITION_ENABLED
HRTIM1.RepetitionUpdate-Output_TB1TB2=HRTIM_UPDATEONREPETITION_ENABLED
HRTIM1.RepetitionUpdate-Output_TE1TE2=HRTIM_UPDATEONREPETITION_ENABLED
HRTIM1.ResetModeFaultLine5=HRTIM_FAULTCOUNTERRST_UNCONDITIONAL
HRTIM1.ResetOutput1_Source1-Output_TA1TA2=HRTIM_OUTPUTRESET_TIMCMP1
HRTIM1.ResetOutput1_Source1-Output_TB1TB2=HRTIM_OUTPUTRESET_TIMCMP1
HRTIM1.ResetOutput1_Source1-Output_TE1TE2=HRTIM_OUTPUTRESET_TIMCMP1
HRTIM1.ResetTrigger1-Output_TA1TA2=HRTIM_TIMRESETTRIGGER_MASTER_PER
HRTIM1.ResetTrigger1-Output_TB1TB2=HRTIM_TIMRESETTRIGGER_MASTER_CMP2
HRTIM1.ResetTrigger1-Output_TE1TE2=HRTIM_TIMRESETTRIGGER_MASTER_PER
HRTIM1.RisingSign-Output_TA1TA2=HRTIM_TIMDEADTIME_RISINGSIGN_POSITIVE
HRTIM1.RisingValue-Output_TA1TA2=40
HRTIM1.RisingValue-Output_TB1TB2=40
HRTIM1.RisingValue-Output_TE1TE2=40
HRTIM1.SetOutput1_Source1-Output_TA1TA2=HRTIM_OUTPUTSET_TIMCMP3
HRTIM1.SetOutput1_Source1-Output_TB1TB2=HRTIM_OUTPUTSET_TIMCMP3
HRTIM1.SetOutput1_Source1-Output_TE1TE2=HRTIM_OUTPUTSET_TIMCMP3
HRTIM1.SetOutput1_Source2-Output_TA1TA2=HRTIM_OUTPUTSET_EEV_6
HRTIM1.SetOutput1_Source2-Output_TB1TB2=HRTIM_OUTPUTSET_EEV_8
HRTIM1.Source_EEV1=HRTIM_EEV1SRC_ADC1_AWD1
HRTIM1.Source_EEV2=HRTIM_EEV2SRC_ADC1_AWD2
HRTIM1.Source_EEV3=HRTIM_EEV3SRC_ADC1_AWD3
HRTIM1.Source_EEV4=HRTIM_EEV4SRC_ADC2_AWD1
HRTIM1.Source_EEV5=HRTIM_EEV5SRC_ADC2_AWD2
HRTIM1.Source_EEV8=HRTIM_EEV8SRC_COMP3_OUT
HRTIM1.Source_FaultLine1=HRTIM_FAULTSOURCE_EEVINPUT
HRTIM1.Source_FaultLine2=HRTIM_FAULTSOURCE_EEVINPUT
HRTIM1.Source_FaultLine3=HRTIM_FAULTSOURCE_EEVINPUT
HRTIM1.Source_FaultLine4=HRTIM_FAULTSOURCE_EEVINPUT
HRTIM1.Source_FaultLine5=HRTIM_FAULTSOURCE_EEVINPUT
HRTIM1.SwapA=__NULL
HRTIM1.UpdateTrigger1-Output_TA1TA2=HRTIM_TIMUPDATETRIGGER_MASTER
HRTIM1.UpdateTrigger1-Output_TB1TB2=HRTIM_TIMUPDATETRIGGER_MASTER
HRTIM1.UpdateTrigger1-Output_TE1TE2=HRTIM_TIMUPDATETRIGGER_MASTER
KeepUserPlacement=false
Mcu.CPN=STM32G474RBT6
Mcu.Family=STM32G4
Mcu.IP0=ADC1
Mcu.IP1=ADC2
Mcu.IP10=NVIC
Mcu.IP11=OPAMP1
Mcu.IP12=OPAMP2
Mcu.IP13=OPAMP3
Mcu.IP14=OPAMP4
Mcu.IP15=RCC
Mcu.IP16=SYS
Mcu.IP17=TIM1
Mcu.IP18=TIM2
Mcu.IP19=TIM3
Mcu.IP2=ADC4
Mcu.IP20=TIM5
Mcu.IP21=TIM6
Mcu.IP22=TIM16
Mcu.IP23=TIM20
Mcu.IP3=COMP2
Mcu.IP4=COMP3
Mcu.IP5=COMP6
Mcu.IP6=DAC1
Mcu.IP7=DMA
Mcu.IP8=FDCAN3
Mcu.IP9=HRTIM1
Mcu.IPNb=24
Mcu.Name=STM32G474R(B-C-E)Tx
Mcu.Package=LQFP64
Mcu.Pin0=PC13
Mcu.Pin1=PF0-OSC_IN
Mcu.Pin10=PA4
Mcu.Pin11=PA5
Mcu.Pin12=PA6
Mcu.Pin13=PA7
Mcu.Pin14=PC4
Mcu.Pin15=PB0
Mcu.Pin16=PB1
Mcu.Pin17=PB2
Mcu.Pin18=VREF+
Mcu.Pin19=PB10
Mcu.Pin2=PF1-OSC_OUT
Mcu.Pin20=PB11
Mcu.Pin21=PB12
Mcu.Pin22=PB13
Mcu.Pin23=PB14
Mcu.Pin24=PB15
Mcu.Pin25=PC6
Mcu.Pin26=PC7
Mcu.Pin27=PC8
Mcu.Pin28=PC9
Mcu.Pin29=PA8
Mcu.Pin3=PC1
Mcu.Pin30=PA9
Mcu.Pin31=PA10
Mcu.Pin32=PA11
Mcu.Pin33=PA12
Mcu.Pin34=PA13
Mcu.Pin35=PA14
Mcu.Pin36=PA15
Mcu.Pin37=PB3
Mcu.Pin38=PB4
Mcu.Pin39=PB7
Mcu.Pin4=PC2
Mcu.Pin40=PB9
Mcu.Pin41=VP_COMP2_VS_DAC1OUT2
Mcu.Pin42=VP_COMP3_VS_DAC1OUT1
Mcu.Pin43=VP_COMP6_VS_VREFINT14
Mcu.Pin44=VP_HRTIM1_VS_hrtimMasterTimerNoOutput
Mcu.Pin45=VP_SYS_VS_Systick
Mcu.Pin46=VP_SYS_VS_DBSignals
Mcu.Pin47=VP_TIM1_VS_ClockSourceINT
Mcu.Pin48=VP_TIM2_VS_ClockSourceINT
Mcu.Pin49=VP_TIM3_VS_ClockSourceINT
Mcu.Pin5=PC3
Mcu.Pin50=VP_TIM5_VS_ClockSourceINT
Mcu.Pin51=VP_TIM6_VS_ClockSourceINT
Mcu.Pin52=VP_TIM16_VS_ClockSourceINT
Mcu.Pin53=VP_TIM20_VS_ClockSourceINT
Mcu.Pin6=PA0
Mcu.Pin7=PA1
Mcu.Pin8=PA2
Mcu.Pin9=PA3
Mcu.PinsNb=54
Mcu.ThirdPartyNb=0
Mcu.UserConstants=DEAD_TIME,60
Mcu.UserName=STM32G474RBTx
MxCube.Version=6.13.0
MxDb.Version=DB.6.0.130
NVIC.BusFault_IRQn=true\:0\:0\:false\:false\:true\:false\:false\:false
NVIC.DebugMonitor_IRQn=true\:0\:0\:false\:false\:true\:false\:false\:false
NVIC.FDCAN3_IT0_IRQn=true\:1\:0\:true\:false\:false\:true\:true\:true
NVIC.ForceEnableDMAVector=false
NVIC.HRTIM1_FLT_IRQn=true\:0\:0\:false\:false\:false\:true\:true\:true
NVIC.HRTIM1_Master_IRQn=true\:0\:0\:false\:false\:false\:true\:true\:true
NVIC.HardFault_IRQn=true\:0\:0\:false\:false\:true\:false\:false\:false
NVIC.MemoryManagement_IRQn=true\:0\:0\:false\:false\:true\:false\:false\:false
NVIC.NonMaskableInt_IRQn=true\:0\:0\:false\:false\:true\:false\:false\:false
NVIC.PendSV_IRQn=true\:0\:0\:false\:false\:true\:false\:false\:false
NVIC.PriorityGroup=NVIC_PRIORITYGROUP_4
NVIC.SVCall_IRQn=true\:0\:0\:false\:false\:true\:false\:false\:false
NVIC.SysTick_IRQn=true\:15\:0\:false\:false\:true\:false\:true\:false
NVIC.TIM20_TRG_COM_IRQn=true\:2\:0\:true\:false\:true\:true\:true\:true
NVIC.TIM20_UP_IRQn=true\:2\:0\:true\:false\:true\:true\:true\:true
NVIC.TIM6_DAC_IRQn=true\:2\:0\:true\:false\:true\:true\:true\:true
NVIC.UsageFault_IRQn=true\:0\:0\:false\:false\:true\:false\:false\:false
OPAMP2.IPParameters=PowerMode
OPAMP2.PowerMode=OPAMP_POWERMODE_HIGHSPEED
OPAMP3.IPParameters=PowerMode
OPAMP3.PowerMode=OPAMP_POWERMODE_HIGHSPEED
PA0.Locked=true
PA0.Mode=INP
PA0.Signal=COMP3_INP
PA1.Locked=true
PA1.Mode=Follower
PA1.Signal=OPAMP3_VINP
PA10.Locked=true
PA10.Mode=Output_TB1TB2
PA10.Signal=HRTIM1_CHB1
PA11.Locked=true
PA11.Mode=Output_TB1TB2
PA11.Signal=HRTIM1_CHB2
PA12.Locked=true
PA12.Mode=PWM Generation2 CH2N
PA12.Signal=TIM1_CH2N
PA13.Locked=true
PA13.Mode=Serial_Wire
PA13.Signal=SYS_JTMS-SWDIO
PA14.Locked=true
PA14.Mode=Serial_Wire
PA14.Signal=SYS_JTCK-SWCLK
PA15.GPIOParameters=GPIO_Speed,GPIO_Label
PA15.GPIO_Label=COMM1
PA15.GPIO_Speed=GPIO_SPEED_FREQ_VERY_HIGH
PA15.Locked=true
PA15.Signal=GPIO_Output
PA2.Locked=true
PA2.Signal=SharedAnalog_PA2
PA3.Locked=true
PA3.Mode=Follower
PA3.Signal=OPAMP1_VINP
PA4.Locked=true
PA4.Signal=COMP_DAC11_group
PA5.Locked=true
PA5.Signal=COMP_DAC12_group
PA6.Locked=true
PA6.Signal=SharedAnalog_PA6
PA7.Locked=true
PA7.Mode=INP
PA7.Signal=COMP2_INP
PA8.Locked=true
PA8.Mode=Output_TA1TA2
PA8.Signal=HRTIM1_CHA1
PA9.Locked=true
PA9.Mode=Output_TA1TA2
PA9.Signal=HRTIM1_CHA2
PB0.Locked=true
PB0.Mode=Follower
PB0.Signal=OPAMP2_VINP
PB1.Locked=true
PB1.Signal=SharedAnalog_PB1
PB10.Locked=true
PB10.Signal=S_TIM2_CH3
PB11.Locked=true
PB11.Mode=INP
PB11.Signal=COMP6_INP
PB12.Locked=true
PB12.Mode=Follower
PB12.Signal=OPAMP4_VOUT
PB13.Locked=true
PB13.Mode=Follower
PB13.Signal=OPAMP4_VINP
PB14.Locked=true
PB14.Mode=IN4-Single-Ended
PB14.Signal=ADC4_IN4
PB15.Locked=true
PB15.Mode=IN5-Single-Ended
PB15.Signal=ADC4_IN5
PB2.Signal=S_TIM5_CH1
PB3.Locked=true
PB3.Mode=FDCAN_Activate
PB3.Signal=FDCAN3_RX
PB4.Locked=true
PB4.Mode=FDCAN_Activate
PB4.Signal=FDCAN3_TX
PB7.Locked=true
PB7.Mode=ExternalOutput
PB7.Signal=COMP3_OUT
PB9.GPIOParameters=GPIO_Speed,GPIO_FM9
PB9.GPIO_FM9=__NULL
PB9.GPIO_Speed=GPIO_SPEED_FREQ_LOW
PB9.Locked=true
PB9.Mode=ExternalOutput
PB9.Signal=COMP2_OUT
PC1.Locked=true
PC1.Mode=IN7-Single-Ended
PC1.Signal=ADC2_IN7
PC13.GPIOParameters=GPIO_PuPd,GPIO_Label
PC13.GPIO_Label=BTN
PC13.GPIO_PuPd=GPIO_PULLUP
PC13.Locked=true
PC13.Signal=GPIO_Input
PC2.Locked=true
PC2.Mode=IN8-Single-Ended
PC2.Signal=ADC1_IN8
PC3.Locked=true
PC3.Mode=IN9-Single-Ended
PC3.Signal=ADC1_IN9
PC4.Locked=true
PC4.Mode=IN5-Single-Ended
PC4.Signal=ADC2_IN5
PC6.Locked=true
PC6.Mode=ExternalOutput
PC6.Signal=COMP6_OUT
PC7.GPIOParameters=GPIO_Label
PC7.GPIO_Label=COMM2
PC7.Locked=true
PC7.Signal=GPIO_Output
PC8.Mode=Output_TE1TE2
PC8.Signal=HRTIM1_CHE1
PC9.Mode=Output_TE1TE2
PC9.Signal=HRTIM1_CHE2
PF0-OSC_IN.Locked=true
PF0-OSC_IN.Mode=HSE-External-Oscillator
PF0-OSC_IN.Signal=RCC_OSC_IN
PF1-OSC_OUT.Locked=true
PF1-OSC_OUT.Mode=HSE-External-Oscillator
PF1-OSC_OUT.Signal=RCC_OSC_OUT
PinOutPanel.RotationAngle=180
ProjectManager.AskForMigrate=true
ProjectManager.BackupPrevious=false
ProjectManager.CompilerOptimize=6
ProjectManager.ComputerToolchain=false
ProjectManager.CoupleFile=true
ProjectManager.CustomerFirmwarePackage=
ProjectManager.DefaultFWLocation=true
ProjectManager.DeletePrevious=true
ProjectManager.DeviceId=STM32G474RBTx
ProjectManager.FirmwarePackage=STM32Cube FW_G4 V1.6.1
ProjectManager.FreePins=false
ProjectManager.HalAssertFull=false
ProjectManager.HeapSize=0x200
ProjectManager.KeepUserCode=true
ProjectManager.LastFirmware=true
ProjectManager.LibraryCopy=0
ProjectManager.MainLocation=Core/Src
ProjectManager.NoMain=false
ProjectManager.PreviousToolchain=
ProjectManager.ProjectBuild=false
ProjectManager.ProjectFileName=RM2025-PowerControlBoard.ioc
ProjectManager.ProjectName=RM2025-PowerControlBoard
ProjectManager.ProjectStructure=
ProjectManager.RegisterCallBack=FDCAN,HRTIM,TIM
ProjectManager.StackSize=0x400
ProjectManager.TargetToolchain=Makefile
ProjectManager.ToolChainLocation=
ProjectManager.UAScriptAfterPath=
ProjectManager.UAScriptBeforePath=
ProjectManager.UnderRoot=false
ProjectManager.functionlistsort=1-SystemClock_Config-RCC-false-HAL-false,2-MX_GPIO_Init-GPIO-false-HAL-true,3-MX_DMA_Init-DMA-false-HAL-true,4-MX_HRTIM1_Init-HRTIM1-false-HAL-true,5-MX_ADC1_Init-ADC1-false-HAL-true,6-MX_ADC2_Init-ADC2-false-HAL-true,7-MX_FDCAN3_Init-FDCAN3-false-HAL-true,8-MX_TIM1_Init-TIM1-false-HAL-true,9-MX_TIM3_Init-TIM3-false-HAL-true,10-MX_TIM6_Init-TIM6-false-HAL-true,11-MX_TIM5_Init-TIM5-false-HAL-true,12-MX_ADC4_Init-ADC4-false-HAL-true,13-MX_TIM20_Init-TIM20-false-HAL-true,14-MX_TIM16_Init-TIM16-false-HAL-true,15-MX_COMP3_Init-COMP3-false-HAL-true,16-MX_DAC1_Init-DAC1-false-HAL-true,17-MX_OPAMP2_Init-OPAMP2-false-HAL-true,18-MX_COMP2_Init-COMP2-false-HAL-true,19-MX_COMP6_Init-COMP6-false-HAL-true,20-MX_OPAMP3_Init-OPAMP3-false-HAL-true,21-MX_OPAMP4_Init-OPAMP4-false-HAL-true,22-MX_TIM2_Init-TIM2-false-HAL-true,23-MX_OPAMP1_Init-OPAMP1-false-HAL-true
RCC.ADC12Freq_Value=170000000
RCC.ADC345Freq_Value=170000000
RCC.AHBFreq_Value=170000000
RCC.APB1Freq_Value=170000000
RCC.APB1TimFreq_Value=170000000
RCC.APB2Freq_Value=170000000
RCC.APB2TimFreq_Value=170000000
RCC.CRSFreq_Value=48000000
RCC.CortexFreq_Value=170000000
RCC.EXTERNAL_CLOCK_VALUE=12288000
RCC.FCLKCortexFreq_Value=170000000
RCC.FDCANFreq_Value=170000000
RCC.FamilyName=M
RCC.HCLKFreq_Value=170000000
RCC.HRTIM1Freq_Value=170000000
RCC.HSE_VALUE=25000000
RCC.HSI48_VALUE=48000000
RCC.HSI_VALUE=16000000
RCC.I2C1Freq_Value=170000000
RCC.I2C2Freq_Value=170000000
RCC.I2C3Freq_Value=170000000
RCC.I2C4Freq_Value=170000000
RCC.I2SFreq_Value=170000000
RCC.IPParameters=ADC12Freq_Value,ADC345Freq_Value,AHBFreq_Value,APB1Freq_Value,APB1TimFreq_Value,APB2Freq_Value,APB2TimFreq_Value,CRSFreq_Value,CortexFreq_Value,EXTERNAL_CLOCK_VALUE,FCLKCortexFreq_Value,FDCANFreq_Value,FamilyName,HCLKFreq_Value,HRTIM1Freq_Value,HSE_VALUE,HSI48_VALUE,HSI_VALUE,I2C1Freq_Value,I2C2Freq_Value,I2C3Freq_Value,I2C4Freq_Value,I2SFreq_Value,LPTIM1Freq_Value,LPUART1Freq_Value,LSCOPinFreq_Value,LSE_VALUE,LSI_VALUE,MCO1PinFreq_Value,PLLM,PLLN,PLLPoutputFreq_Value,PLLQoutputFreq_Value,PLLRCLKFreq_Value,PLLSourceVirtual,PWRFreq_Value,QSPIFreq_Value,RCC_MCO1Source,RNGFreq_Value,SAI1Freq_Value,SYSCLKFreq_VALUE,SYSCLKSource,UART4Freq_Value,UART5Freq_Value,USART1Freq_Value,USART2Freq_Value,USART3Freq_Value,USBFreq_Value,VCOInputFreq_Value,VCOOutputFreq_Value
RCC.LPTIM1Freq_Value=170000000
RCC.LPUART1Freq_Value=170000000
RCC.LSCOPinFreq_Value=32000
RCC.LSE_VALUE=32768
RCC.LSI_VALUE=32000
RCC.MCO1PinFreq_Value=25000000
RCC.PLLM=RCC_PLLM_DIV5
RCC.PLLN=68
RCC.PLLPoutputFreq_Value=170000000
RCC.PLLQoutputFreq_Value=170000000
RCC.PLLRCLKFreq_Value=170000000
RCC.PLLSourceVirtual=RCC_PLLSOURCE_HSE
RCC.PWRFreq_Value=170000000
RCC.QSPIFreq_Value=170000000
RCC.RCC_MCO1Source=RCC_MCO1SOURCE_HSE
RCC.RNGFreq_Value=170000000
RCC.SAI1Freq_Value=170000000
RCC.SYSCLKFreq_VALUE=170000000
RCC.SYSCLKSource=RCC_SYSCLKSOURCE_PLLCLK
RCC.UART4Freq_Value=170000000
RCC.UART5Freq_Value=170000000
RCC.USART1Freq_Value=170000000
RCC.USART2Freq_Value=170000000
RCC.USART3Freq_Value=170000000
RCC.USBFreq_Value=170000000
RCC.VCOInputFreq_Value=5000000
RCC.VCOOutputFreq_Value=340000000
SH.COMP_DAC11_group.0=DAC1_OUT1,DAC_OUT1_ExtAndInt
SH.COMP_DAC11_group.ConfNb=1
SH.COMP_DAC12_group.0=DAC1_OUT2,DAC_OUT2_ExtAndInt
SH.COMP_DAC12_group.ConfNb=1
SH.S_TIM2_CH3.0=TIM2_CH3,PWM Generation3 CH3
SH.S_TIM2_CH3.ConfNb=1
SH.S_TIM5_CH1.0=TIM5_CH1,Input_Capture1_from_TI1
SH.S_TIM5_CH1.ConfNb=1
SH.SharedAnalog_PA2.0=OPAMP1_VOUT,Follower
SH.SharedAnalog_PA2.1=ADC1_IN3,IN3-Single-Ended
SH.SharedAnalog_PA2.ConfNb=2
SH.SharedAnalog_PA6.0=OPAMP2_VOUT,Follower
SH.SharedAnalog_PA6.1=ADC2_IN3,IN3-Single-Ended
SH.SharedAnalog_PA6.ConfNb=2
SH.SharedAnalog_PB1.0=OPAMP3_VOUT,Follower
SH.SharedAnalog_PB1.1=ADC1_IN12,IN12-Single-Ended
SH.SharedAnalog_PB1.ConfNb=2
SYS.IPParameters=VoltageScaling,TrimmingMode
SYS.TrimmingMode=__NULL
SYS.VoltageScaling=SYSCFG_VREFBUF_VOLTAGE_SCALE2
TIM1.AutoReloadPreload=TIM_AUTORELOAD_PRELOAD_ENABLE
TIM1.Channel-PWM\ Generation2\ CH2N=TIM_CHANNEL_2
TIM1.IPParameters=Channel-PWM Generation2 CH2N,OCNPolarity_2,OCNIdleState_2,Prescaler,PeriodNoDither,OCFastMode_PWM-PWM Generation2 CH2N,PulseNoDither_2,AutoReloadPreload,RepetitionCounter
TIM1.OCFastMode_PWM-PWM\ Generation2\ CH2N=TIM_OCFAST_DISABLE
TIM1.OCNIdleState_2=TIM_OCNIDLESTATE_SET
TIM1.OCNPolarity_2=TIM_OCNPOLARITY_HIGH
TIM1.PeriodNoDither=2500-1
TIM1.Prescaler=17-1
TIM1.PulseNoDither_2=0
TIM1.RepetitionCounter=0
TIM2.Channel-PWM\ Generation3\ CH3=TIM_CHANNEL_3
TIM2.IPParameters=Channel-PWM Generation3 CH3,PeriodNoDither
TIM2.PeriodNoDither=213-1
TIM20.IPParameters=PeriodNoDither
TIM20.PeriodNoDither=213-1
TIM3.IPParameters=PeriodNoDither,Prescaler
TIM3.PeriodNoDither=213-1
TIM3.Prescaler=0
TIM5.AutoReloadPreload=TIM_AUTORELOAD_PRELOAD_ENABLE
TIM5.Channel-Input_Capture1_from_TI1=TIM_CHANNEL_1
TIM5.IPParameters=Channel-Input_Capture1_from_TI1,AutoReloadPreload
TIM6.IPParameters=TIM_MasterOutputTrigger,Prescaler,PeriodNoDither
TIM6.PeriodNoDither=250-1
TIM6.Prescaler=170-1
TIM6.TIM_MasterOutputTrigger=TIM_TRGO_RESET
VP_COMP2_VS_DAC1OUT2.Mode=INM_DAC1OUT2
VP_COMP2_VS_DAC1OUT2.Signal=COMP2_VS_DAC1OUT2
VP_COMP3_VS_DAC1OUT1.Mode=INM_DAC1OUT1
VP_COMP3_VS_DAC1OUT1.Signal=COMP3_VS_DAC1OUT1
VP_COMP6_VS_VREFINT14.Mode=VREFINT_14
VP_COMP6_VS_VREFINT14.Signal=COMP6_VS_VREFINT14
VP_HRTIM1_VS_hrtimMasterTimerNoOutput.Mode=MasterTimer
VP_HRTIM1_VS_hrtimMasterTimerNoOutput.Signal=HRTIM1_VS_hrtimMasterTimerNoOutput
VP_SYS_VS_DBSignals.Mode=DisableDeadBatterySignals
VP_SYS_VS_DBSignals.Signal=SYS_VS_DBSignals
VP_SYS_VS_Systick.Mode=SysTick
VP_SYS_VS_Systick.Signal=SYS_VS_Systick
VP_TIM16_VS_ClockSourceINT.Mode=Enable_Timer
VP_TIM16_VS_ClockSourceINT.Signal=TIM16_VS_ClockSourceINT
VP_TIM1_VS_ClockSourceINT.Mode=Internal
VP_TIM1_VS_ClockSourceINT.Signal=TIM1_VS_ClockSourceINT
VP_TIM20_VS_ClockSourceINT.Mode=Internal
VP_TIM20_VS_ClockSourceINT.Signal=TIM20_VS_ClockSourceINT
VP_TIM2_VS_ClockSourceINT.Mode=Internal
VP_TIM2_VS_ClockSourceINT.Signal=TIM2_VS_ClockSourceINT
VP_TIM3_VS_ClockSourceINT.Mode=Internal
VP_TIM3_VS_ClockSourceINT.Signal=TIM3_VS_ClockSourceINT
VP_TIM5_VS_ClockSourceINT.Mode=Internal
VP_TIM5_VS_ClockSourceINT.Signal=TIM5_VS_ClockSourceINT
VP_TIM6_VS_ClockSourceINT.Mode=Enable_Timer
VP_TIM6_VS_ClockSourceINT.Signal=TIM6_VS_ClockSourceINT
VREF+.Locked=true
VREF+.Mode=InternalMode
VREF+.Signal=VREFBUF_OUT
board=custom
